
Microsoft Visual Studio Solution File, Format Version 12.00
# Visual Studio Version 17
VisualStudioVersion = 17.11.35219.272
MinimumVisualStudioVersion = 10.0.40219.1
Project("{FAE04EC0-301F-11D3-BF4B-00C04F79EFBC}") = "HandlerReq", "HandlerReq\HandlerReq.csproj", "{180BB9C7-1CE4-438B-AFF7-5DBF89D38CDC}"
EndProject
Global
	GlobalSection(SolutionConfigurationPlatforms) = preSolution
		Debug|Any CPU = Debug|Any CPU
		Release|Any CPU = Release|Any CPU
	EndGlobalSection
	GlobalSection(ProjectConfigurationPlatforms) = postSolution
		{180BB9C7-1CE4-438B-AFF7-5DBF89D38CDC}.Debug|Any CPU.ActiveCfg = Debug|Any CPU
		{180BB9C7-1CE4-438B-AFF7-5DBF89D38CDC}.Debug|Any CPU.Build.0 = Debug|Any CPU
		{180BB9C7-1CE4-438B-AFF7-5DBF89D38CDC}.Release|Any CPU.ActiveCfg = Release|Any CPU
		{180BB9C7-1CE4-438B-AFF7-5DBF89D38CDC}.Release|Any CPU.Build.0 = Release|Any CPU
	EndGlobalSection
	GlobalSection(SolutionProperties) = preSolution
		HideSolutionNode = FALSE
	EndGlobalSection
	GlobalSection(ExtensibilityGlobals) = postSolution
		SolutionGuid = {2370D3AC-B124-4406-A134-FAF90C8407B3}
	EndGlobalSection
EndGlobal
